<?xml version="1.0" encoding="utf-8"?>
<Project ToolsVersion="4.0" xmlns="http://schemas.microsoft.com/developer/msbuild/2003">
  <ItemGroup>
    <Filter Include="Source Files">
      <UniqueIdentifier>{4FC737F1-C7A5-4376-A066-2A32D752A2FF}</UniqueIdentifier>
      <Extensions>cpp;c;cc;cxx;def;odl;idl;hpj;bat;asm;asmx</Extensions>
    </Filter>
    <Filter Include="Header Files">
      <UniqueIdentifier>{93995380-89BD-4b04-88EB-625FBE52EBFB}</UniqueIdentifier>
      <Extensions>h;hh;hpp;hxx;hm;inl;inc;xsd</Extensions>
    </Filter>
    <Filter Include="Resource Files">
      <UniqueIdentifier>{67DA6AB6-F800-4c08-8B7A-83BB121AAD01}</UniqueIdentifier>
      <Extensions>rc;ico;cur;bmp;dlg;rc2;rct;bin;rgs;gif;jpg;jpeg;jpe;resx;tiff;tif;png;wav;mfcribbon-ms</Extensions>
    </Filter>
    <Filter Include="Shaders">
      <UniqueIdentifier>{5f37ec8c-c624-4f3d-8d2e-1571a1df475b}</UniqueIdentifier>
    </Filter>
  </ItemGroup>
  <ItemGroup>
    <ClCompile Include="Main.cpp">
      <Filter>Source Files</Filter>
    </ClCompile>
    <ClCompile Include="Files\imgui\imgui.cpp">
      <Filter>Source Files</Filter>
    </ClCompile>
    <ClCompile Include="Files\imgui\imgui_demo.cpp">
      <Filter>Source Files</Filter>
    </ClCompile>
    <ClCompile Include="Files\imgui\imgui_draw.cpp">
      <Filter>Source Files</Filter>
    </ClCompile>
    <ClCompile Include="Files\Object.cpp">
      <Filter>Source Files</Filter>
    </ClCompile>
    <ClCompile Include="Files\WorldCamera.cpp">
      <Filter>Source Files</Filter>
    </ClCompile>
    <ClCompile Include="Files\WorldMain.cpp">
      <Filter>Source Files</Filter>
    </ClCompile>
    <ClCompile Include="Files\DirectX\DXCore.cpp">
      <Filter>Source Files</Filter>
    </ClCompile>
    <ClCompile Include="Files\DirectX\KContext.cpp">
      <Filter>Source Files</Filter>
    </ClCompile>
    <ClCompile Include="Files\imgui\cpp\Context_imgui.cpp">
      <Filter>Source Files</Filter>
    </ClCompile>
    <ClCompile Include="Files\imgui\cpp\KContext_imgui.cpp">
      <Filter>Source Files</Filter>
    </ClCompile>
    <ClCompile Include="Files\imgui\cpp\UIMain_imgui.cpp">
      <Filter>Source Files</Filter>
    </ClCompile>
    <ClCompile Include="Files\imgui\cpp\dx11_imgui.cpp">
      <Filter>Source Files</Filter>
    </ClCompile>
    <ClCompile Include="Files\Game\cpp\ContextExamples Game.cpp">
      <Filter>Source Files</Filter>
    </ClCompile>
    <ClCompile Include="Files\Game\cpp\Script Game.cpp">
      <Filter>Source Files</Filter>
    </ClCompile>
    <ClCompile Include="Files\Game\cpp\Context Game.cpp">
      <Filter>Source Files</Filter>
    </ClCompile>
    <ClCompile Include="Files\Game\Script\Y_Axis_Rotate.cpp">
      <Filter>Source Files</Filter>
    </ClCompile>
    <ClCompile Include="Files\Game\Script\X_Axis_Rotate.cpp">
      <Filter>Source Files</Filter>
    </ClCompile>
    <ClCompile Include="Files\Graphic\cpp\DepthTexture.cpp">
      <Filter>Source Files</Filter>
    </ClCompile>
    <ClCompile Include="Files\Graphic\cpp\GraphicMain.cpp">
      <Filter>Source Files</Filter>
    </ClCompile>
    <ClCompile Include="Files\Graphic\cpp\RenderStateStack.cpp">
      <Filter>Source Files</Filter>
    </ClCompile>
    <ClCompile Include="Files\Graphic\cpp\RenderTexture.cpp">
      <Filter>Source Files</Filter>
    </ClCompile>
    <ClCompile Include="Files\Graphic\cpp\SimpleShader.cpp">
      <Filter>Source Files</Filter>
    </ClCompile>
    <ClCompile Include="Files\Graphic\Asset\Asset.cpp">
      <Filter>Source Files</Filter>
    </ClCompile>
    <ClCompile Include="Files\Graphic\Buffer\Buffer.cpp">
      <Filter>Source Files</Filter>
    </ClCompile>
    <ClCompile Include="Files\Graphic\Mesh\Vertex.cpp">
      <Filter>Source Files</Filter>
    </ClCompile>
    <ClCompile Include="Files\Graphic\RenderInstruction.cpp">
      <Filter>Source Files</Filter>
    </ClCompile>
    <ClCompile Include="Files\Graphic\cpp\TextureAtlasSlicer.cpp">
      <Filter>Source Files</Filter>
    </ClCompile>
    <ClCompile Include="Files\Graphic\cpp\BufferDataTranslator.cpp">
      <Filter>Source Files</Filter>
    </ClCompile>
    <ClCompile Include="Files\Graphic\Scene\cpp\_GraphicScene.cpp">
      <Filter>Source Files</Filter>
    </ClCompile>
    <ClCompile Include="Files\Graphic\Scene\cpp\Scene Graphic.cpp">
      <Filter>Source Files</Filter>
    </ClCompile>
    <ClCompile Include="Files\Graphic\Scene\Probe.cpp">
      <Filter>Source Files</Filter>
    </ClCompile>
    <ClCompile Include="Files\Graphic\cpp\StagingTexture.cpp">
      <Filter>Source Files</Filter>
    </ClCompile>
    <ClCompile Include="Files\Engine\cpp\EntityFactory.cpp">
      <Filter>Source Files</Filter>
    </ClCompile>
    <ClCompile Include="Files\Graphic\Scene\cpp\IProbeDiffuse.cpp">
      <Filter>Source Files</Filter>
    </ClCompile>
    <ClCompile Include="Files\Graphic\Scene\IObject.cpp">
      <Filter>Source Files</Filter>
    </ClCompile>
    <ClCompile Include="Files\Graphic\Scene\ILight.cpp">
      <Filter>Source Files</Filter>
    </ClCompile>
    <ClCompile Include="Files\Graphic\Scene\cpp\Camera.cpp">
      <Filter>Source Files</Filter>
    </ClCompile>
    <ClCompile Include="Files\Graphic\Scene\cpp\SphericalCamera.cpp">
      <Filter>Source Files</Filter>
    </ClCompile>
    <ClCompile Include="Files\Graphic\cpp\Frustum.cpp">
      <Filter>Source Files</Filter>
    </ClCompile>
    <ClCompile Include="Files\Graphic\Scene\cpp\Lights.cpp">
      <Filter>Source Files</Filter>
    </ClCompile>
    <ClCompile Include="Files\Engine\cpp\Depth2D.cpp">
      <Filter>Source Files</Filter>
    </ClCompile>
    <ClCompile Include="Files\Engine\cpp\Engine.cpp">
      <Filter>Source Files</Filter>
    </ClCompile>
    <ClCompile Include="Files\Engine\cpp\Engine_Mesh.cpp">
      <Filter>Source Files</Filter>
    </ClCompile>
    <ClCompile Include="Files\Engine\cpp\Engine_Entity.cpp">
      <Filter>Source Files</Filter>
    </ClCompile>
    <ClCompile Include="Files\Engine\cpp\Engine_SimpleShader.cpp">
      <Filter>Source Files</Filter>
    </ClCompile>
    <ClCompile Include="Files\Engine\cpp\Engine_Texture2D.cpp">
      <Filter>Source Files</Filter>
    </ClCompile>
    <ClCompile Include="Files\Graphic\Mesh\Graphic_Meshes.cpp">
      <Filter>Source Files</Filter>
    </ClCompile>
    <ClCompile Include="Files\Graphic\Asset\Asset_Mesh.cpp">
      <Filter>Source Files</Filter>
    </ClCompile>
    <ClCompile Include="Files\Engine\cpp\Engine_Asset.cpp">
      <Filter>Source Files</Filter>
    </ClCompile>
    <ClCompile Include="Files\Engine\Systems\cpp\Engine_LightRender.cpp">
      <Filter>Source Files</Filter>
    </ClCompile>
    <ClCompile Include="Files\Engine\Systems\cpp\Engine_RenderSystem.cpp">
      <Filter>Source Files</Filter>
    </ClCompile>
    <ClCompile Include="Files\Engine\Systems\cpp\Engine_System.cpp">
      <Filter>Source Files</Filter>
    </ClCompile>
    <ClCompile Include="Files\Game\cpp\GAME_Entities.cpp">
      <Filter>Source Files</Filter>
    </ClCompile>
    <ClCompile Include="Files\Engine\cpp\Engine_Camera.cpp">
      <Filter>Source Files</Filter>
    </ClCompile>
    <ClCompile Include="Files\Engine\Componenets\cpp\Engine_Renderable.cpp">
      <Filter>Source Files</Filter>
    </ClCompile>
  </ItemGroup>
  <ItemGroup>
    <ClInclude Include="Files\imgui\imconfig.h">
      <Filter>Header Files</Filter>
    </ClInclude>
    <ClInclude Include="Files\imgui\imgui.h">
      <Filter>Header Files</Filter>
    </ClInclude>
    <ClInclude Include="Files\imgui\imgui_internal.h">
      <Filter>Header Files</Filter>
    </ClInclude>
    <ClInclude Include="Files\imgui\stb_rect_pack.h">
      <Filter>Header Files</Filter>
    </ClInclude>
    <ClInclude Include="Files\imgui\stb_textedit.h">
      <Filter>Header Files</Filter>
    </ClInclude>
    <ClInclude Include="Files\imgui\stb_truetype.h">
      <Filter>Header Files</Filter>
    </ClInclude>
    <ClInclude Include="Files\Camera.h">
      <Filter>Header Files</Filter>
    </ClInclude>
    <ClInclude Include="Files\Material.h">
      <Filter>Header Files</Filter>
    </ClInclude>
    <ClInclude Include="Files\Object.h">
      <Filter>Header Files</Filter>
    </ClInclude>
    <ClInclude Include="Files\WorldMain.h">
      <Filter>Header Files</Filter>
    </ClInclude>
    <ClInclude Include="Files\DirectX\DXCore.h">
      <Filter>Header Files</Filter>
    </ClInclude>
    <ClInclude Include="Files\DirectX\KContext.h">
      <Filter>Header Files</Filter>
    </ClInclude>
    <ClInclude Include="Files\Graphic\GraphicMain.h">
      <Filter>Header Files</Filter>
    </ClInclude>
    <ClInclude Include="Files\Graphic\SimpleShader.h">
      <Filter>Header Files</Filter>
    </ClInclude>
    <ClInclude Include="Files\DirectX\DirectXUtility.h">
      <Filter>Header Files</Filter>
    </ClInclude>
    <ClInclude Include="Files\imgui\DirectX\Context.h">
      <Filter>Header Files</Filter>
    </ClInclude>
    <ClInclude Include="Files\imgui\DirectX\imgui_impl_dx11.h">
      <Filter>Header Files</Filter>
    </ClInclude>
    <ClInclude Include="Files\imgui\DirectX\UIMain.h">
      <Filter>Header Files</Filter>
    </ClInclude>
    <ClInclude Include="Files\imgui\DirectX\KContext.h">
      <Filter>Header Files</Filter>
    </ClInclude>
    <ClInclude Include="Files\Graphic\DepthTexture.h">
      <Filter>Header Files</Filter>
    </ClInclude>
    <ClInclude Include="Files\Graphic\Asset\Asset.h">
      <Filter>Header Files</Filter>
    </ClInclude>
    <ClInclude Include="Files\Graphic\Asset\Mesh.h">
      <Filter>Header Files</Filter>
    </ClInclude>
    <ClInclude Include="Files\Game\Entity.h">
      <Filter>Header Files</Filter>
    </ClInclude>
    <ClInclude Include="Files\Graphic\Enum.h">
      <Filter>Header Files</Filter>
    </ClInclude>
    <ClInclude Include="Files\Game\Context.h">
      <Filter>Header Files</Filter>
    </ClInclude>
    <ClInclude Include="Files\Game\ContextExamples.h">
      <Filter>Header Files</Filter>
    </ClInclude>
    <ClInclude Include="Files\Game\Script.h">
      <Filter>Header Files</Filter>
    </ClInclude>
    <ClInclude Include="Files\Game\Script\Y_Axis_Rotate.h">
      <Filter>Header Files</Filter>
    </ClInclude>
    <ClInclude Include="Files\Game\Script\X_Axis_Rotate.h">
      <Filter>Header Files</Filter>
    </ClInclude>
    <ClInclude Include="Files\Graphic\RenderStateStack.h">
      <Filter>Header Files</Filter>
    </ClInclude>
    <ClInclude Include="Files\Graphic\Mesh\MeshLine.h">
      <Filter>Header Files</Filter>
    </ClInclude>
    <ClInclude Include="Files\Graphic\Mesh\IMesh.h">
      <Filter>Header Files</Filter>
    </ClInclude>
    <ClInclude Include="Files\Graphic\Mesh\MeshCube.h">
      <Filter>Header Files</Filter>
    </ClInclude>
    <ClInclude Include="Files\Game\Light.h">
      <Filter>Header Files</Filter>
    </ClInclude>
    <ClInclude Include="Files\Game\GameEnum.h">
      <Filter>Header Files</Filter>
    </ClInclude>
    <ClInclude Include="Files\Graphic\Scene\Camera.h">
      <Filter>Header Files</Filter>
    </ClInclude>
    <ClInclude Include="Files\Graphic\Scene\Object.h">
      <Filter>Header Files</Filter>
    </ClInclude>
    <ClInclude Include="Files\Graphic\Scene\Scene.h">
      <Filter>Header Files</Filter>
    </ClInclude>
    <ClInclude Include="Files\Graphic\Scene\SceneEnums.h">
      <Filter>Header Files</Filter>
    </ClInclude>
    <ClInclude Include="Files\Graphic\Frustum.h">
      <Filter>Header Files</Filter>
    </ClInclude>
    <ClInclude Include="Files\Graphic\Buffer\KDynamicBuffer.h">
      <Filter>Header Files</Filter>
    </ClInclude>
    <ClInclude Include="Files\Graphic\Buffer\ClusterIndex.h">
      <Filter>Header Files</Filter>
    </ClInclude>
    <ClInclude Include="Files\Graphic\Buffer\ClusterItem.h">
      <Filter>Header Files</Filter>
    </ClInclude>
    <ClInclude Include="Files\Graphic\Buffer\LightParameter.h">
      <Filter>Header Files</Filter>
    </ClInclude>
    <ClInclude Include="Files\Graphic\Buffer\DecalParameter.h">
      <Filter>Header Files</Filter>
    </ClInclude>
    <ClInclude Include="Files\Graphic\Buffer\ProbeParameter.h">
      <Filter>Header Files</Filter>
    </ClInclude>
    <ClInclude Include="Files\Graphic\Buffer\ClusterredFrustumBuffer.h">
      <Filter>Header Files</Filter>
    </ClInclude>
    <ClInclude Include="Files\Graphic\Mesh\Vertex.h">
      <Filter>Header Files</Filter>
    </ClInclude>
    <ClInclude Include="Files\Graphic\Mesh\VertexPosition.h">
      <Filter>Header Files</Filter>
    </ClInclude>
    <ClInclude Include="Files\Graphic\RenderInstruction.h">
      <Filter>Header Files</Filter>
    </ClInclude>
    <ClInclude Include="Files\Graphic\TextureAtlasSlicer.h">
      <Filter>Header Files</Filter>
    </ClInclude>
    <ClInclude Include="Files\Graphic\LightInfo.h">
      <Filter>Header Files</Filter>
    </ClInclude>
    <ClInclude Include="Files\Graphic\BufferDataTranslator.h">
      <Filter>Header Files</Filter>
    </ClInclude>
    <ClInclude Include="Files\Game\Probe.h">
      <Filter>Header Files</Filter>
    </ClInclude>
    <ClInclude Include="Files\Graphic\Scene\DefferedRenderTetures.h">
      <Filter>Header Files</Filter>
    </ClInclude>
    <ClInclude Include="Files\Graphic\Scene\AtlasInformation.h">
      <Filter>Header Files</Filter>
    </ClInclude>
    <ClInclude Include="Files\Graphic\Scene\Probe.h">
      <Filter>Header Files</Filter>
    </ClInclude>
    <ClInclude Include="Files\Graphic\StagingTexture.h">
      <Filter>Header Files</Filter>
    </ClInclude>
    <ClInclude Include="Files\Graphic\RenderTexture.h">
      <Filter>Header Files</Filter>
    </ClInclude>
    <ClInclude Include="Files\Graphic\AtlasReference.h">
      <Filter>Header Files</Filter>
    </ClInclude>
    <ClInclude Include="Files\Graphic\Scene\SphericalCamera.h">
      <Filter>Header Files</Filter>
    </ClInclude>
    <ClInclude Include="Files\Engine\Entity.h">
      <Filter>Header Files</Filter>
    </ClInclude>
    <ClInclude Include="Files\Engine\EntityFactory.h">
      <Filter>Header Files</Filter>
    </ClInclude>
    <ClInclude Include="Files\Engine\Engine.h">
      <Filter>Header Files</Filter>
    </ClInclude>
    <ClInclude Include="Files\Graphic\Scene\ILight.h">
      <Filter>Header Files</Filter>
    </ClInclude>
    <ClInclude Include="Files\Graphic\Scene\IProbeDiffuse.h">
      <Filter>Header Files</Filter>
    </ClInclude>
    <ClInclude Include="Files\Graphic\Scene\IProbeReflection.h">
      <Filter>Header Files</Filter>
    </ClInclude>
    <ClInclude Include="Files\Engine\Componenets\Transform3D.h">
      <Filter>Header Files</Filter>
    </ClInclude>
    <ClInclude Include="Files\Graphic\Scene\IObject.h">
      <Filter>Header Files</Filter>
    </ClInclude>
    <ClInclude Include="Files\Graphic\Scene\OldPointLight.h">
      <Filter>Header Files</Filter>
    </ClInclude>
    <ClInclude Include="Files\Graphic\Scene\OldSpotLight.h">
      <Filter>Header Files</Filter>
    </ClInclude>
    <ClInclude Include="Files\Graphic\Scene\SpotLight.h">
      <Filter>Header Files</Filter>
    </ClInclude>
    <ClInclude Include="Files\Graphic\Scene\PointLight.h">
      <Filter>Header Files</Filter>
    </ClInclude>
    <ClInclude Include="Files\Engine\Componenets\Component.h">
      <Filter>Header Files</Filter>
    </ClInclude>
    <ClInclude Include="Files\Engine\Componenets\SphericalHarmonicProbe.h">
      <Filter>Header Files</Filter>
    </ClInclude>
    <ClInclude Include="Files\Engine\System.h">
      <Filter>Header Files</Filter>
    </ClInclude>
    <ClInclude Include="Files\Engine\Texture2D.h">
      <Filter>Header Files</Filter>
    </ClInclude>
    <ClInclude Include="Files\Engine\Depth2D.h">
      <Filter>Header Files</Filter>
    </ClInclude>
    <ClInclude Include="Files\Engine\Componenets\ForwardLight.h">
      <Filter>Header Files</Filter>
    </ClInclude>
    <ClInclude Include="Files\Engine\Asset.h">
      <Filter>Header Files</Filter>
    </ClInclude>
    <ClInclude Include="Files\Engine\Enum.h">
      <Filter>Header Files</Filter>
    </ClInclude>
    <ClInclude Include="Files\Engine\SimpleShader.h">
      <Filter>Header Files</Filter>
    </ClInclude>
    <ClInclude Include="Files\Engine\Mesh.h">
      <Filter>Header Files</Filter>
    </ClInclude>
    <ClInclude Include="Files\Engine\Systems\LightRender.h">
      <Filter>Header Files</Filter>
    </ClInclude>
    <ClInclude Include="Files\Engine\Systems\RenderSystem.h">
      <Filter>Header Files</Filter>
    </ClInclude>
    <ClInclude Include="Files\Engine\Systems\System.h">
      <Filter>Header Files</Filter>
    </ClInclude>
    <ClInclude Include="Files\Engine\Componenets\Renderable.h">
      <Filter>Header Files</Filter>
    </ClInclude>
    <ClInclude Include="Files\Engine\Camera.h">
      <Filter>Header Files</Filter>
    </ClInclude>
  </ItemGroup>
  <ItemGroup>
    <None Include="packages.config" />
  </ItemGroup>
</Project>